PATH
  remote: ..
  specs:
    time_bandits (0.10.7)
      activesupport (>= 2.3.2)
      thread_variables

GEM
  remote: http://rubygems.org/
  specs:
    activemodel (5.1.2)
      activesupport (= 5.1.2)
    activerecord (5.1.2)
      activemodel (= 5.1.2)
      activesupport (= 5.1.2)
      arel (~> 8.0)
    activesupport (5.1.2)
      concurrent-ruby (~> 1.0, >= 1.0.2)
      i18n (~> 0.7)
      minitest (~> 5.1)
      tzinfo (~> 1.1)
    amq-protocol (2.0.1)
    amqp (1.6.0)
      amq-protocol (>= 2.0.1)
      eventmachine
    ansi (1.5.0)
    appraisal (2.2.0)
      bundler
      rake
      thor (>= 0.14.0)
    arel (8.0.0)
    beetle (1.0.3)
      activesupport (>= 2.3.4)
      amq-protocol (= 2.0.1)
      amqp (= 1.6.0)
      bunny (~> 0.7.10)
      daemons (>= 1.2.0)
      eventmachine_httpserver (>= 0.2.1)
      hiredis (>= 0.4.5)
      redis (>= 2.2.2)
      uuid4r (>= 0.1.2)
    bunny (0.7.10)
    byebug (9.0.6)
    concurrent-ruby (1.0.5)
    daemons (1.2.4)
    dalli (2.7.6)
    eventmachine (1.2.3)
    eventmachine_httpserver (0.2.1)
    hiredis (0.6.1)
    i18n (0.8.4)
    memcached (1.8.0)
    metaclass (0.0.4)
    minitest (5.10.2)
    mocha (1.2.1)
      metaclass (~> 0.0.1)
    mysql2 (0.4.7)
    rake (10.5.0)
    redis (3.3.3)
    sequel (4.48.0)
    thor (0.19.4)
    thread_safe (0.3.6)
    thread_variables (0.2.0)
    tzinfo (1.2.3)
      thread_safe (~> 0.1)
    uuid4r (0.2.0)

PLATFORMS
  ruby

DEPENDENCIES
  activerecord (= 5.1.2)
  activesupport (= 5.1.2)
  ansi
  appraisal
  beetle (>= 0.4.6)
  byebug
  dalli
  memcached (~> 1.8.0)
  minitest (~> 5.5)
  mocha
  mysql2
  rake (~> 10.5.0)
  redis
  sequel
  time_bandits!

BUNDLED WITH
   1.15.1
